// !$*UTF8*$!
{
	archiveVersion = 1;
	classes = {
	};
	objectVersion = 50;
	objects = {

/* Begin PBXBuildFile section */
		3C1F40B4245DF11E006554AA /* AppDelegate.swift in Sources */ = {isa = PBXBuildFile; fileRef = 3C1F40B3245DF11E006554AA /* AppDelegate.swift */; };
		3C1F40B6245DF120006554AA /* Assets.xcassets in Resources */ = {isa = PBXBuildFile; fileRef = 3C1F40B5245DF120006554AA /* Assets.xcassets */; };
		3C1F40B9245DF120006554AA /* MainMenu.xib in Resources */ = {isa = PBXBuildFile; fileRef = 3C1F40B7245DF120006554AA /* MainMenu.xib */; };
		3C1F40C3245E0A9E006554AA /* ScreenshotWindowController.swift in Sources */ = {isa = PBXBuildFile; fileRef = 3C1F40C2245E0A9E006554AA /* ScreenshotWindowController.swift */; };
		3C1F40C5245E227E006554AA /* ScreenshotWindow.swift in Sources */ = {isa = PBXBuildFile; fileRef = 3C1F40C4245E227E006554AA /* ScreenshotWindow.swift */; };
		3C1F40C7245E2327006554AA /* Globals.swift in Sources */ = {isa = PBXBuildFile; fileRef = 3C1F40C6245E2327006554AA /* Globals.swift */; };
		3C2E7725245E8D8000220448 /* ScreenshotViewController.swift in Sources */ = {isa = PBXBuildFile; fileRef = 3C2E7724245E8D8000220448 /* ScreenshotViewController.swift */; };
		3C2E7727245E8DA500220448 /* ScreenshotView.swift in Sources */ = {isa = PBXBuildFile; fileRef = 3C2E7726245E8DA500220448 /* ScreenshotView.swift */; };
/* End PBXBuildFile section */

/* Begin PBXFileReference section */
		3C1F40B0245DF11E006554AA /* Screenshoddy.app */ = {isa = PBXFileReference; explicitFileType = wrapper.application; includeInIndex = 0; path = Screenshoddy.app; sourceTree = BUILT_PRODUCTS_DIR; };
		3C1F40B3245DF11E006554AA /* AppDelegate.swift */ = {isa = PBXFileReference; lastKnownFileType = sourcecode.swift; path = AppDelegate.swift; sourceTree = "<group>"; };
		3C1F40B5245DF120006554AA /* Assets.xcassets */ = {isa = PBXFileReference; lastKnownFileType = folder.assetcatalog; path = Assets.xcassets; sourceTree = "<group>"; };
		3C1F40B8245DF120006554AA /* Base */ = {isa = PBXFileReference; lastKnownFileType = file.xib; name = Base; path = Base.lproj/MainMenu.xib; sourceTree = "<group>"; };
		3C1F40BA245DF120006554AA /* Info.plist */ = {isa = PBXFileReference; lastKnownFileType = text.plist.xml; path = Info.plist; sourceTree = "<group>"; };
		3C1F40BB245DF120006554AA /* Screenshoddy.entitlements */ = {isa = PBXFileReference; lastKnownFileType = text.plist.entitlements; path = Screenshoddy.entitlements; sourceTree = "<group>"; };
		3C1F40C2245E0A9E006554AA /* ScreenshotWindowController.swift */ = {isa = PBXFileReference; lastKnownFileType = sourcecode.swift; path = ScreenshotWindowController.swift; sourceTree = "<group>"; };
		3C1F40C4245E227E006554AA /* ScreenshotWindow.swift */ = {isa = PBXFileReference; lastKnownFileType = sourcecode.swift; path = ScreenshotWindow.swift; sourceTree = "<group>"; };
		3C1F40C6245E2327006554AA /* Globals.swift */ = {isa = PBXFileReference; lastKnownFileType = sourcecode.swift; path = Globals.swift; sourceTree = "<group>"; };
		3C2E7724245E8D8000220448 /* ScreenshotViewController.swift */ = {isa = PBXFileReference; lastKnownFileType = sourcecode.swift; path = ScreenshotViewController.swift; sourceTree = "<group>"; };
		3C2E7726245E8DA500220448 /* ScreenshotView.swift */ = {isa = PBXFileReference; lastKnownFileType = sourcecode.swift; path = ScreenshotView.swift; sourceTree = "<group>"; };
		3C58CAA0245F4F5A00AC3444 /* README.md */ = {isa = PBXFileReference; lastKnownFileType = net.daringfireball.markdown; path = README.md; sourceTree = "<group>"; };
/* End PBXFileReference section */

/* Begin PBXFrameworksBuildPhase section */
		3C1F40AD245DF11D006554AA /* Frameworks */ = {
			isa = PBXFrameworksBuildPhase;
			buildActionMask = 2147483647;
			files = (
			);
			runOnlyForDeploymentPostprocessing = 0;
		};
/* End PBXFrameworksBuildPhase section */

/* Begin PBXGroup section */
		3C1F40A7245DF11D006554AA = {
			isa = PBXGroup;
			children = (
				3C58CAA0245F4F5A00AC3444 /* README.md */,
				3C1F40B2245DF11E006554AA /* Screenshoddy */,
				3C1F40B1245DF11E006554AA /* Products */,
			);
			sourceTree = "<group>";
		};
		3C1F40B1245DF11E006554AA /* Products */ = {
			isa = PBXGroup;
			children = (
				3C1F40B0245DF11E006554AA /* Screenshoddy.app */,
			);
			name = Products;
			sourceTree = "<group>";
		};
		3C1F40B2245DF11E006554AA /* Screenshoddy */ = {
			isa = PBXGroup;
			children = (
				3C1F40C1245E0A7D006554AA /* UI */,
				3C1F40B3245DF11E006554AA /* AppDelegate.swift */,
				3C1F40B5245DF120006554AA /* Assets.xcassets */,
				3C1F40C6245E2327006554AA /* Globals.swift */,
				3C1F40B7245DF120006554AA /* MainMenu.xib */,
				3C1F40BA245DF120006554AA /* Info.plist */,
				3C1F40BB245DF120006554AA /* Screenshoddy.entitlements */,
			);
			path = Screenshoddy;
			sourceTree = "<group>";
		};
		3C1F40C1245E0A7D006554AA /* UI */ = {
			isa = PBXGroup;
			children = (
				3C1F40C2245E0A9E006554AA /* ScreenshotWindowController.swift */,
				3C1F40C4245E227E006554AA /* ScreenshotWindow.swift */,
				3C2E7724245E8D8000220448 /* ScreenshotViewController.swift */,
				3C2E7726245E8DA500220448 /* ScreenshotView.swift */,
			);
			path = UI;
			sourceTree = "<group>";
		};
/* End PBXGroup section */

/* Begin PBXNativeTarget section */
		3C1F40AF245DF11D006554AA /* Screenshoddy */ = {
			isa = PBXNativeTarget;
			buildConfigurationList = 3C1F40BE245DF120006554AA /* Build configuration list for PBXNativeTarget "Screenshoddy" */;
			buildPhases = (
				3C1F40AC245DF11D006554AA /* Sources */,
				3C1F40AD245DF11D006554AA /* Frameworks */,
				3C1F40AE245DF11D006554AA /* Resources */,
			);
			buildRules = (
			);
			dependencies = (
			);
			name = Screenshoddy;
			productName = Screenshoddy;
			productReference = 3C1F40B0245DF11E006554AA /* Screenshoddy.app */;
			productType = "com.apple.product-type.application";
		};
/* End PBXNativeTarget section */

/* Begin PBXProject section */
		3C1F40A8245DF11D006554AA /* Project object */ = {
			isa = PBXProject;
			attributes = {
				LastSwiftUpdateCheck = 1140;
				LastUpgradeCheck = 1140;
				ORGANIZATIONNAME = "Geof Crowl";
				TargetAttributes = {
					3C1F40AF245DF11D006554AA = {
						CreatedOnToolsVersion = 11.4.1;
					};
				};
			};
			buildConfigurationList = 3C1F40AB245DF11D006554AA /* Build configuration list for PBXProject "Screenshoddy" */;
			compatibilityVersion = "Xcode 9.3";
			developmentRegion = en;
			hasScannedForEncodings = 0;
			knownRegions = (
				en,
				Base,
			);
			mainGroup = 3C1F40A7245DF11D006554AA;
			productRefGroup = 3C1F40B1245DF11E006554AA /* Products */;
			projectDirPath = "";
			projectRoot = "";
			targets = (
				3C1F40AF245DF11D006554AA /* Screenshoddy */,
			);
		};
/* End PBXProject section */

/* Begin PBXResourcesBuildPhase section */
		3C1F40AE245DF11D006554AA /* Resources */ = {
			isa = PBXResourcesBuildPhase;
			buildActionMask = 2147483647;
			files = (
				3C1F40B6245DF120006554AA /* Assets.xcassets in Resources */,
				3C1F40B9245DF120006554AA /* MainMenu.xib in Resources */,
			);
			runOnlyForDeploymentPostprocessing = 0;
		};
/* End PBXResourcesBuildPhase section */

/* Begin PBXSourcesBuildPhase section */
		3C1F40AC245DF11D006554AA /* Sources */ = {
			isa = PBXSourcesBuildPhase;
			buildActionMask = 2147483647;
			files = (
				3C2E7727245E8DA500220448 /* ScreenshotView.swift in Sources */,
				3C1F40C7245E2327006554AA /* Globals.swift in Sources */,
				3C1F40C3245E0A9E006554AA /* ScreenshotWindowController.swift in Sources */,
				3C1F40B4245DF11E006554AA /* AppDelegate.swift in Sources */,
				3C2E7725245E8D8000220448 /* ScreenshotViewController.swift in Sources */,
				3C1F40C5245E227E006554AA /* ScreenshotWindow.swift in Sources */,
			);
			runOnlyForDeploymentPostprocessing = 0;
		};
/* End PBXSourcesBuildPhase section */

/* Begin PBXVariantGroup section */
		3C1F40B7245DF120006554AA /* MainMenu.xib */ = {
			isa = PBXVariantGroup;
			children = (
				3C1F40B8245DF120006554AA /* Base */,
			);
			name = MainMenu.xib;
			sourceTree = "<group>";
		};
/* End PBXVariantGroup section */

/* Begin XCBuildConfiguration section */
		3C1F40BC245DF120006554AA /* Debug */ = {
			isa = XCBuildConfiguration;
			buildSettings = {
				ALWAYS_SEARCH_USER_PATHS = NO;
				CLANG_ANALYZER_NONNULL = YES;
				CLANG_ANALYZER_NUMBER_OBJECT_CONVERSION = YES_AGGRESSIVE;
				CLANG_CXX_LANGUAGE_STANDARD = "gnu++14";
				CLANG_CXX_LIBRARY = "libc++";
				CLANG_ENABLE_MODULES = YES;
				CLANG_ENABLE_OBJC_ARC = YES;
				CLANG_ENABLE_OBJC_WEAK = YES;
				CLANG_WARN_BLOCK_CAPTURE_AUTORELEASING = YES;
				CLANG_WARN_BOOL_CONVERSION = YES;
				CLANG_WARN_COMMA = YES;
				CLANG_WARN_CONSTANT_CONVERSION = YES;
				CLANG_WARN_DEPRECATED_OBJC_IMPLEMENTATIONS = YES;
				CLANG_WARN_DIRECT_OBJC_ISA_USAGE = YES_ERROR;
				CLANG_WARN_DOCUMENTATION_COMMENTS = YES;
				CLANG_WARN_EMPTY_BODY = YES;
				CLANG_WARN_ENUM_CONVERSION = YES;
				CLANG_WARN_INFINITE_RECURSION = YES;
				CLANG_WARN_INT_CONVERSION = YES;
				CLANG_WARN_NON_LITERAL_NULL_CONVERSION = YES;
				CLANG_WARN_OBJC_IMPLICIT_RETAIN_SELF = YES;
				CLANG_WARN_OBJC_LITERAL_CONVERSION = YES;
				CLANG_WARN_OBJC_ROOT_CLASS = YES_ERROR;
				CLANG_WARN_RANGE_LOOP_ANALYSIS = YES;
				CLANG_WARN_STRICT_PROTOTYPES = YES;
				CLANG_WARN_SUSPICIOUS_MOVE = YES;
				CLANG_WARN_UNGUARDED_AVAILABILITY = YES_AGGRESSIVE;
				CLANG_WARN_UNREACHABLE_CODE = YES;
				CLANG_WARN__DUPLICATE_METHOD_MATCH = YES;
				COPY_PHASE_STRIP = NO;
				DEBUG_INFORMATION_FORMAT = dwarf;
				ENABLE_STRICT_OBJC_MSGSEND = YES;
				ENABLE_TESTABILITY = YES;
				GCC_C_LANGUAGE_STANDARD = gnu11;
				GCC_DYNAMIC_NO_PIC = NO;
				GCC_NO_COMMON_BLOCKS = YES;
				GCC_OPTIMIZATION_LEVEL = 0;
				GCC_PREPROCESSOR_DEFINITIONS = (
					"DEBUG=1",
					"$(inherited)",
				);
				GCC_WARN_64_TO_32_BIT_CONVERSION = YES;
				GCC_WARN_ABOUT_RETURN_TYPE = YES_ERROR;
				GCC_WARN_UNDECLARED_SELECTOR = YES;
				GCC_WARN_UNINITIALIZED_AUTOS = YES_AGGRESSIVE;
				GCC_WARN_UNUSED_FUNCTION = YES;
				GCC_WARN_UNUSED_VARIABLE = YES;
				MACOSX_DEPLOYMENT_TARGET = 10.15;
				MTL_ENABLE_DEBUG_INFO = INCLUDE_SOURCE;
				MTL_FAST_MATH = YES;
				ONLY_ACTIVE_ARCH = YES;
				SDKROOT = macosx;
				SWIFT_ACTIVE_COMPILATION_CONDITIONS = DEBUG;
				SWIFT_OPTIMIZATION_LEVEL = "-Onone";
			};
			name = Debug;
		};
		3C1F40BD245DF120006554AA /* Release */ = {
			isa = XCBuildConfiguration;
			buildSettings = {
				ALWAYS_SEARCH_USER_PATHS = NO;
				CLANG_ANALYZER_NONNULL = YES;
				CLANG_ANALYZER_NUMBER_OBJECT_CONVERSION = YES_AGGRESSIVE;
				CLANG_CXX_LANGUAGE_STANDARD = "gnu++14";
				CLANG_CXX_LIBRARY = "libc++";
				CLANG_ENABLE_MODULES = YES;
				CLANG_ENABLE_OBJC_ARC = YES;
				CLANG_ENABLE_OBJC_WEAK = YES;
				CLANG_WARN_BLOCK_CAPTURE_AUTORELEASING = YES;
				CLANG_WARN_BOOL_CONVERSION = YES;
				CLANG_WARN_COMMA = YES;
				CLANG_WARN_CONSTANT_CONVERSION = YES;
				CLANG_WARN_DEPRECATED_OBJC_IMPLEMENTATIONS = YES;
				CLANG_WARN_DIRECT_OBJC_ISA_USAGE = YES_ERROR;
				CLANG_WARN_DOCUMENTATION_COMMENTS = YES;
				CLANG_WARN_EMPTY_BODY = YES;
				CLANG_WARN_ENUM_CONVERSION = YES;
				CLANG_WARN_INFINITE_RECURSION = YES;
				CLANG_WARN_INT_CONVERSION = YES;
				CLANG_WARN_NON_LITERAL_NULL_CONVERSION = YES;
				CLANG_WARN_OBJC_IMPLICIT_RETAIN_SELF = YES;
				CLANG_WARN_OBJC_LITERAL_CONVERSION = YES;
				CLANG_WARN_OBJC_ROOT_CLASS = YES_ERROR;
				CLANG_WARN_RANGE_LOOP_ANALYSIS = YES;
				CLANG_WARN_STRICT_PROTOTYPES = YES;
				CLANG_WARN_SUSPICIOUS_MOVE = YES;
				CLANG_WARN_UNGUARDED_AVAILABILITY = YES_AGGRESSIVE;
				CLANG_WARN_UNREACHABLE_CODE = YES;
				CLANG_WARN__DUPLICATE_METHOD_MATCH = YES;
				COPY_PHASE_STRIP = NO;
				DEBUG_INFORMATION_FORMAT = "dwarf-with-dsym";
				ENABLE_NS_ASSERTIONS = NO;
				ENABLE_STRICT_OBJC_MSGSEND = YES;
				GCC_C_LANGUAGE_STANDARD = gnu11;
				GCC_NO_COMMON_BLOCKS = YES;
				GCC_WARN_64_TO_32_BIT_CONVERSION = YES;
				GCC_WARN_ABOUT_RETURN_TYPE = YES_ERROR;
				GCC_WARN_UNDECLARED_SELECTOR = YES;
				GCC_WARN_UNINITIALIZED_AUTOS = YES_AGGRESSIVE;
				GCC_WARN_UNUSED_FUNCTION = YES;
				GCC_WARN_UNUSED_VARIABLE = YES;
				MACOSX_DEPLOYMENT_TARGET = 10.15;
				MTL_ENABLE_DEBUG_INFO = NO;
				MTL_FAST_MATH = YES;
				SDKROOT = macosx;
				SWIFT_COMPILATION_MODE = wholemodule;
				SWIFT_OPTIMIZATION_LEVEL = "-O";
			};
			name = Release;
		};
		3C1F40BF245DF120006554AA /* Debug */ = {
			isa = XCBuildConfiguration;
			buildSettings = {
				ASSETCATALOG_COMPILER_APPICON_NAME = AppIcon;
				CODE_SIGN_ENTITLEMENTS = Screenshoddy/Screenshoddy.entitlements;
				CODE_SIGN_IDENTITY = "Apple Development";
				CODE_SIGN_STYLE = Automatic;
				COMBINE_HIDPI_IMAGES = YES;
				DEVELOPMENT_TEAM = C62KGZ35B8;
				ENABLE_HARDENED_RUNTIME = YES;
				INFOPLIST_FILE = Screenshoddy/Info.plist;
				LD_RUNPATH_SEARCH_PATHS = (
					"$(inherited)",
					"@executable_path/../Frameworks",
				);
				PRODUCT_BUNDLE_IDENTIFIER = com.geofcrowl.Screenshoddy;
				PRODUCT_NAME = "$(TARGET_NAME)";
				SWIFT_VERSION = 5.0;
			};
			name = Debug;
		};
		3C1F40C0245DF120006554AA /* Release */ = {
			isa = XCBuildConfiguration;
			buildSettings = {
				ASSETCATALOG_COMPILER_APPICON_NAME = AppIcon;
				CODE_SIGN_ENTITLEMENTS = Screenshoddy/Screenshoddy.entitlements;
				CODE_SIGN_IDENTITY = "Apple Development";
				CODE_SIGN_STYLE = Automatic;
				COMBINE_HIDPI_IMAGES = YES;
				DEVELOPMENT_TEAM = C62KGZ35B8;
				ENABLE_HARDENED_RUNTIME = YES;
				INFOPLIST_FILE = Screenshoddy/Info.plist;
				LD_RUNPATH_SEARCH_PATHS = (
					"$(inherited)",
					"@executable_path/../Frameworks",
				);
				PRODUCT_BUNDLE_IDENTIFIER = com.geofcrowl.Screenshoddy;
				PRODUCT_NAME = "$(TARGET_NAME)";
				SWIFT_VERSION = 5.0;
			};
			name = Release;
		};
/* End XCBuildConfiguration section */

/* Begin XCConfigurationList section */
		3C1F40AB245DF11D006554AA /* Build configuration list for PBXProject "Screenshoddy" */ = {
			isa = XCConfigurationList;
			buildConfigurations = (
				3C1F40BC245DF120006554AA /* Debug */,
				3C1F40BD245DF120006554AA /* Release */,
			);
			defaultConfigurationIsVisible = 0;
			defaultConfigurationName = Release;
		};
		3C1F40BE245DF120006554AA /* Build configuration list for PBXNativeTarget "Screenshoddy" */ = {
			isa = XCConfigurationList;
			buildConfigurations = (
				3C1F40BF245DF120006554AA /* Debug */,
				3C1F40C0245DF120006554AA /* Release */,
			);
			defaultConfigurationIsVisible = 0;
			defaultConfigurationName = Release;
		};
/* End XCConfigurationList section */
	};
	rootObject = 3C1F40A8245DF11D006554AA /* Project object */;
}
